
Microsoft Visual Studio Solution File, Format Version 12.00
# Visual Studio Version 17
VisualStudioVersion = 17.11.35327.3
MinimumVisualStudioVersion = 10.0.40219.1
Project("{FAE04EC0-301F-11D3-BF4B-00C04F79EFBC}") = "14480_employes_managment", "14480_employes_managment.csproj", "{5A931A33-DE78-43B3-8B81-CF09AA724911}"
EndProject
Global
	GlobalSection(SolutionConfigurationPlatforms) = preSolution
		Debug|Any CPU = Debug|Any CPU
		Release|Any CPU = Release|Any CPU
	EndGlobalSection
	GlobalSection(ProjectConfigurationPlatforms) = postSolution
		{5A931A33-DE78-43B3-8B81-CF09AA724911}.Debug|Any CPU.ActiveCfg = Debug|Any CPU
		{5A931A33-DE78-43B3-8B81-CF09AA724911}.Debug|Any CPU.Build.0 = Debug|Any CPU
		{5A931A33-DE78-43B3-8B81-CF09AA724911}.Release|Any CPU.ActiveCfg = Release|Any CPU
		{5A931A33-DE78-43B3-8B81-CF09AA724911}.Release|Any CPU.Build.0 = Release|Any CPU
	EndGlobalSection
	GlobalSection(SolutionProperties) = preSolution
		HideSolutionNode = FALSE
	EndGlobalSection
	GlobalSection(ExtensibilityGlobals) = postSolution
		SolutionGuid = {3B676142-26C8-476B-990F-AEAAC9223F97}
	EndGlobalSection
EndGlobal
